{
  "name": "dotfiles",
  "lockfileVersion": 3,
  "requires": true,
  "packages": {
    "": {
      "name": "dotfiles",
      "devDependencies": {
        "@eunjae/dots": "^1.2.0"
      }
    },
    "node_modules/@eunjae/dots": {
      "version": "1.2.0",
      "resolved": "https://registry.npmjs.org/@eunjae/dots/-/dots-1.2.0.tgz",
      "integrity": "sha512-W+oAONfeRcwiWhoOevaRkAPeKZh6kPiaellycCkySFD0zg4hauCIGv2R/YyTYMyLewJSrMTMItLPIA7Jq8q/fw==",
      "dev": true,
      "hasInstallScript": true,
      "license": "MIT",
      "dependencies": {
        "@stricli/auto-complete": "^1.2.5",
        "@stricli/core": "^1.2.5",
        "jiti": "^2.6.1"
      },
      "bin": {
        "__dots_bash_complete": "dist/bin/bash-complete.js",
        "dots": "dist/bin/cli.js"
      },
      "engines": {
        "node": ">=22"
      }
    },
    "node_modules/@stricli/auto-complete": {
      "version": "1.2.5",
      "resolved": "https://registry.npmjs.org/@stricli/auto-complete/-/auto-complete-1.2.5.tgz",
      "integrity": "sha512-C6G88Hh4lUWBwiqsxbcA4I1ricSQwiLaOziTWW3NmBoX7WGTW7i7RvyooXMpZk1YMLf2olv5Odxmg127ik1DKQ==",
      "dev": true,
      "license": "Apache-2.0",
      "dependencies": {
        "@stricli/core": "^1.2.5"
      },
      "bin": {
        "auto-complete": "dist/bin/cli.js"
      }
    },
    "node_modules/@stricli/core": {
      "version": "1.2.5",
      "resolved": "https://registry.npmjs.org/@stricli/core/-/core-1.2.5.tgz",
      "integrity": "sha512-+afyztQW7fwWkqmU2WQZbdc3LjnZThWYdtE0l+hykZ1Rvy7YGxZSvsVCS/wZ/2BNv117pQ9TU1GZZRIcPnB4tw==",
      "dev": true,
      "license": "Apache-2.0"
    },
    "node_modules/jiti": {
      "version": "2.6.1",
      "resolved": "https://registry.npmjs.org/jiti/-/jiti-2.6.1.tgz",
      "integrity": "sha512-ekilCSN1jwRvIbgeg/57YFh8qQDNbwDb9xT/qu2DAHbFFZUicIl4ygVaAvzveMhMVr3LnpSKTNnwt8PoOfmKhQ==",
      "dev": true,
      "license": "MIT",
      "bin": {
        "jiti": "lib/jiti-cli.mjs"
      }
    }
  }
}
